# This file is autogenerated, do not edit; changes may be undone by the next 'dep ensure'.


[[projects]]
  name = "github.com/zevdg/deptest-bystander"
  packages = ["."]
  revision = "15e31c38683e2c7a17296017b8cb043b2ecd5be4"
  version = "v1.0.0"

[[projects]]
  name = "github.com/zevdg/deptest-secret-sauce"
  packages = ["."]
  revision = "3015f17450b4c0eb0ac4e43f5bf376b6473349e7"
  version = "v1.0.0"

[solve-meta]
  analyzer-name = "dep"
  analyzer-version = 1
  inputs-digest = "2526011333c2afae3c07638c883612518f25396236635167a9e5d1624ca9b46e"
  solver-name = "gps-cdcl"
  solver-version = 1
